Microsoft Visual Studio Solution File, Format Version 12.00
# Visual Studio Version 16
VisualStudioVersion = 16.0.30330.147
MinimumVisualStudioVersion = 10.0.40219.1
Project("{9A19103F-16F7-4668-BE54-9A1E7A4F7556}") = "Duo", "Duo\Duo.csproj", "{FCC63FB2-54AF-4F43-9BA2-EF4E7DD82FA5}"
EndProject
Project("{FAE04EC0-301F-11D3-BF4B-00C04F79EFBC}") = "TestsDuo2", "TestsDuo2\TestsDuo2.csproj", "{4DD710D7-FE17-4999-8F9E-BAAF9FF8BB24}"
EndProject
Global
	GlobalSection(SolutionConfigurationPlatforms) = preSolution
		Debug|Any CPU = Debug|Any CPU
		Debug|ARM64 = Debug|ARM64
		Debug|x64 = Debug|x64
		Debug|x86 = Debug|x86
		Release|Any CPU = Release|Any CPU
		Release|ARM64 = Release|ARM64
		Release|x64 = Release|x64
		Release|x86 = Release|x86
	EndGlobalSection
	GlobalSection(ProjectConfigurationPlatforms) = postSolution
		{FCC63FB2-54AF-4F43-9BA2-EF4E7DD82FA5}.Debug|Any CPU.ActiveCfg = Debug|x64
		{FCC63FB2-54AF-4F43-9BA2-EF4E7DD82FA5}.Debug|Any CPU.Build.0 = Debug|x64
		{FCC63FB2-54AF-4F43-9BA2-EF4E7DD82FA5}.Debug|Any CPU.Deploy.0 = Debug|x64
		{FCC63FB2-54AF-4F43-9BA2-EF4E7DD82FA5}.Debug|ARM64.ActiveCfg = Debug|ARM64
		{FCC63FB2-54AF-4F43-9BA2-EF4E7DD82FA5}.Debug|ARM64.Build.0 = Debug|ARM64
		{FCC63FB2-54AF-4F43-9BA2-EF4E7DD82FA5}.Debug|ARM64.Deploy.0 = Debug|ARM64
		{FCC63FB2-54AF-4F43-9BA2-EF4E7DD82FA5}.Debug|x64.ActiveCfg = Debug|x64
		{FCC63FB2-54AF-4F43-9BA2-EF4E7DD82FA5}.Debug|x64.Build.0 = Debug|x64
		{FCC63FB2-54AF-4F43-9BA2-EF4E7DD82FA5}.Debug|x64.Deploy.0 = Debug|x64
		{FCC63FB2-54AF-4F43-9BA2-EF4E7DD82FA5}.Debug|x86.ActiveCfg = Debug|x86
		{FCC63FB2-54AF-4F43-9BA2-EF4E7DD82FA5}.Debug|x86.Build.0 = Debug|x86
		{FCC63FB2-54AF-4F43-9BA2-EF4E7DD82FA5}.Debug|x86.Deploy.0 = Debug|x86
		{FCC63FB2-54AF-4F43-9BA2-EF4E7DD82FA5}.Release|Any CPU.ActiveCfg = Release|x64
		{FCC63FB2-54AF-4F43-9BA2-EF4E7DD82FA5}.Release|Any CPU.Build.0 = Release|x64
		{FCC63FB2-54AF-4F43-9BA2-EF4E7DD82FA5}.Release|Any CPU.Deploy.0 = Release|x64
		{FCC63FB2-54AF-4F43-9BA2-EF4E7DD82FA5}.Release|ARM64.ActiveCfg = Release|ARM64
		{FCC63FB2-54AF-4F43-9BA2-EF4E7DD82FA5}.Release|ARM64.Build.0 = Release|ARM64
		{FCC63FB2-54AF-4F43-9BA2-EF4E7DD82FA5}.Release|ARM64.Deploy.0 = Release|ARM64
		{FCC63FB2-54AF-4F43-9BA2-EF4E7DD82FA5}.Release|x64.ActiveCfg = Release|x64
		{FCC63FB2-54AF-4F43-9BA2-EF4E7DD82FA5}.Release|x64.Build.0 = Release|x64
		{FCC63FB2-54AF-4F43-9BA2-EF4E7DD82FA5}.Release|x64.Deploy.0 = Release|x64
		{FCC63FB2-54AF-4F43-9BA2-EF4E7DD82FA5}.Release|x86.ActiveCfg = Release|x86
		{FCC63FB2-54AF-4F43-9BA2-EF4E7DD82FA5}.Release|x86.Build.0 = Release|x86
		{FCC63FB2-54AF-4F43-9BA2-EF4E7DD82FA5}.Release|x86.Deploy.0 = Release|x86
		{4DD710D7-FE17-4999-8F9E-BAAF9FF8BB24}.Debug|Any CPU.ActiveCfg = Debug|x64
		{4DD710D7-FE17-4999-8F9E-BAAF9FF8BB24}.Debug|Any CPU.Build.0 = Debug|x64
		{4DD710D7-FE17-4999-8F9E-BAAF9FF8BB24}.Debug|ARM64.ActiveCfg = Debug|Any CPU
		{4DD710D7-FE17-4999-8F9E-BAAF9FF8BB24}.Debug|ARM64.Build.0 = Debug|Any CPU
		{4DD710D7-FE17-4999-8F9E-BAAF9FF8BB24}.Debug|x64.ActiveCfg = Debug|x64
		{4DD710D7-FE17-4999-8F9E-BAAF9FF8BB24}.Debug|x64.Build.0 = Debug|x64
		{4DD710D7-FE17-4999-8F9E-BAAF9FF8BB24}.Debug|x86.ActiveCfg = Debug|Any CPU
		{4DD710D7-FE17-4999-8F9E-BAAF9FF8BB24}.Debug|x86.Build.0 = Debug|Any CPU
		{4DD710D7-FE17-4999-8F9E-BAAF9FF8BB24}.Release|Any CPU.ActiveCfg = Release|Any CPU
		{4DD710D7-FE17-4999-8F9E-BAAF9FF8BB24}.Release|Any CPU.Build.0 = Release|Any CPU
		{4DD710D7-FE17-4999-8F9E-BAAF9FF8BB24}.Release|ARM64.ActiveCfg = Release|Any CPU
		{4DD710D7-FE17-4999-8F9E-BAAF9FF8BB24}.Release|ARM64.Build.0 = Release|Any CPU
		{4DD710D7-FE17-4999-8F9E-BAAF9FF8BB24}.Release|x64.ActiveCfg = Release|Any CPU
		{4DD710D7-FE17-4999-8F9E-BAAF9FF8BB24}.Release|x64.Build.0 = Release|Any CPU
		{4DD710D7-FE17-4999-8F9E-BAAF9FF8BB24}.Release|x86.ActiveCfg = Release|Any CPU
		{4DD710D7-FE17-4999-8F9E-BAAF9FF8BB24}.Release|x86.Build.0 = Release|Any CPU
	EndGlobalSection
	GlobalSection(SolutionProperties) = preSolution
		HideSolutionNode = FALSE
	EndGlobalSection
	GlobalSection(ExtensibilityGlobals) = postSolution
		SolutionGuid = {9B6AD29A-A433-4AA2-971C-3ED08DFE2ABF}
	EndGlobalSection
EndGlobal
